// !$*UTF8*$!
{
	archiveVersion = 1;
	classes = {
	};
	objectVersion = 46;
	objects = {

/* Begin PBXBuildFile section */
		755E3D0D1B58B098005984E0 /* main.m in Sources */ = {isa = PBXBuildFile; fileRef = 755E3D0C1B58B098005984E0 /* main.m */; };
		755E3D101B58B098005984E0 /* AppDelegate.m in Sources */ = {isa = PBXBuildFile; fileRef = 755E3D0F1B58B098005984E0 /* AppDelegate.m */; };
		755E3D131B58B098005984E0 /* ViewController.m in Sources */ = {isa = PBXBuildFile; fileRef = 755E3D121B58B098005984E0 /* ViewController.m */; };
		755E3D161B58B098005984E0 /* Main.storyboard in Resources */ = {isa = PBXBuildFile; fileRef = 755E3D141B58B098005984E0 /* Main.storyboard */; };
		755E3D181B58B098005984E0 /* Images.xcassets in Resources */ = {isa = PBXBuildFile; fileRef = 755E3D171B58B098005984E0 /* Images.xcassets */; };
		755E3D1B1B58B098005984E0 /* LaunchScreen.xib in Resources */ = {isa = PBXBuildFile; fileRef = 755E3D191B58B098005984E0 /* LaunchScreen.xib */; };
		755E3D271B58B098005984E0 /* OverdueTaskListTests.m in Sources */ = {isa = PBXBuildFile; fileRef = 755E3D261B58B098005984E0 /* OverdueTaskListTests.m */; };
		755E3D321B58F22A005984E0 /* AddTaskViewController.m in Sources */ = {isa = PBXBuildFile; fileRef = 755E3D311B58F22A005984E0 /* AddTaskViewController.m */; };
		755E3D351B58F23E005984E0 /* DetailTaskViewController.m in Sources */ = {isa = PBXBuildFile; fileRef = 755E3D341B58F23E005984E0 /* DetailTaskViewController.m */; };
		755E3D381B58F248005984E0 /* EditTaskViewController.m in Sources */ = {isa = PBXBuildFile; fileRef = 755E3D371B58F248005984E0 /* EditTaskViewController.m */; };
/* End PBXBuildFile section */

/* Begin PBXContainerItemProxy section */
		755E3D211B58B098005984E0 /* PBXContainerItemProxy */ = {
			isa = PBXContainerItemProxy;
			containerPortal = 755E3CFF1B58B098005984E0 /* Project object */;
			proxyType = 1;
			remoteGlobalIDString = 755E3D061B58B098005984E0;
			remoteInfo = OverdueTaskList;
		};
/* End PBXContainerItemProxy section */

/* Begin PBXFileReference section */
		755E3D071B58B098005984E0 /* OverdueTaskList.app */ = {isa = PBXFileReference; explicitFileType = wrapper.application; includeInIndex = 0; path = OverdueTaskList.app; sourceTree = BUILT_PRODUCTS_DIR; };
		755E3D0B1B58B098005984E0 /* Info.plist */ = {isa = PBXFileReference; lastKnownFileType = text.plist.xml; path = Info.plist; sourceTree = "<group>"; };
		755E3D0C1B58B098005984E0 /* main.m */ = {isa = PBXFileReference; lastKnownFileType = sourcecode.c.objc; path = main.m; sourceTree = "<group>"; };
		755E3D0E1B58B098005984E0 /* AppDelegate.h */ = {isa = PBXFileReference; lastKnownFileType = sourcecode.c.h; path = AppDelegate.h; sourceTree = "<group>"; };
		755E3D0F1B58B098005984E0 /* AppDelegate.m */ = {isa = PBXFileReference; lastKnownFileType = sourcecode.c.objc; path = AppDelegate.m; sourceTree = "<group>"; };
		755E3D111B58B098005984E0 /* ViewController.h */ = {isa = PBXFileReference; lastKnownFileType = sourcecode.c.h; path = ViewController.h; sourceTree = "<group>"; };
		755E3D121B58B098005984E0 /* ViewController.m */ = {isa = PBXFileReference; lastKnownFileType = sourcecode.c.objc; path = ViewController.m; sourceTree = "<group>"; };
		755E3D151B58B098005984E0 /* Base */ = {isa = PBXFileReference; lastKnownFileType = file.storyboard; name = Base; path = Base.lproj/Main.storyboard; sourceTree = "<group>"; };
		755E3D171B58B098005984E0 /* Images.xcassets */ = {isa = PBXFileReference; lastKnownFileType = folder.assetcatalog; path = Images.xcassets; sourceTree = "<group>"; };
		755E3D1A1B58B098005984E0 /* Base */ = {isa = PBXFileReference; lastKnownFileType = file.xib; name = Base; path = Base.lproj/LaunchScreen.xib; sourceTree = "<group>"; };
		755E3D201B58B098005984E0 /* OverdueTaskListTests.xctest */ = {isa = PBXFileReference; explicitFileType = wrapper.cfbundle; includeInIndex = 0; path = OverdueTaskListTests.xctest; sourceTree = BUILT_PRODUCTS_DIR; };
		755E3D251B58B098005984E0 /* Info.plist */ = {isa = PBXFileReference; lastKnownFileType = text.plist.xml; path = Info.plist; sourceTree = "<group>"; };
		755E3D261B58B098005984E0 /* OverdueTaskListTests.m */ = {isa = PBXFileReference; lastKnownFileType = sourcecode.c.objc; path = OverdueTaskListTests.m; sourceTree = "<group>"; };
		755E3D301B58F22A005984E0 /* AddTaskViewController.h */ = {isa = PBXFileReference; fileEncoding = 4; lastKnownFileType = sourcecode.c.h; path = AddTaskViewController.h; sourceTree = "<group>"; };
		755E3D311B58F22A005984E0 /* AddTaskViewController.m */ = {isa = PBXFileReference; fileEncoding = 4; lastKnownFileType = sourcecode.c.objc; path = AddTaskViewController.m; sourceTree = "<group>"; };
		755E3D331B58F23E005984E0 /* DetailTaskViewController.h */ = {isa = PBXFileReference; fileEncoding = 4; lastKnownFileType = sourcecode.c.h; path = DetailTaskViewController.h; sourceTree = "<group>"; };
		755E3D341B58F23E005984E0 /* DetailTaskViewController.m */ = {isa = PBXFileReference; fileEncoding = 4; lastKnownFileType = sourcecode.c.objc; path = DetailTaskViewController.m; sourceTree = "<group>"; };
		755E3D361B58F248005984E0 /* EditTaskViewController.h */ = {isa = PBXFileReference; fileEncoding = 4; lastKnownFileType = sourcecode.c.h; path = EditTaskViewController.h; sourceTree = "<group>"; };
		755E3D371B58F248005984E0 /* EditTaskViewController.m */ = {isa = PBXFileReference; fileEncoding = 4; lastKnownFileType = sourcecode.c.objc; path = EditTaskViewController.m; sourceTree = "<group>"; };
		755E3D391B59ADCF005984E0 /* PrefixHeader.pch */ = {isa = PBXFileReference; lastKnownFileType = sourcecode.c.h; path = PrefixHeader.pch; sourceTree = "<group>"; };
/* End PBXFileReference section */

/* Begin PBXFrameworksBuildPhase section */
		755E3D041B58B098005984E0 /* Frameworks */ = {
			isa = PBXFrameworksBuildPhase;
			buildActionMask = 2147483647;
			files = (
			);
			runOnlyForDeploymentPostprocessing = 0;
		};
		755E3D1D1B58B098005984E0 /* Frameworks */ = {
			isa = PBXFrameworksBuildPhase;
			buildActionMask = 2147483647;
			files = (
			);
			runOnlyForDeploymentPostprocessing = 0;
		};
/* End PBXFrameworksBuildPhase section */

/* Begin PBXGroup section */
		755E3CFE1B58B098005984E0 = {
			isa = PBXGroup;
			children = (
				755E3D091B58B098005984E0 /* OverdueTaskList */,
				755E3D231B58B098005984E0 /* OverdueTaskListTests */,
				755E3D081B58B098005984E0 /* Products */,
			);
			sourceTree = "<group>";
		};
		755E3D081B58B098005984E0 /* Products */ = {
			isa = PBXGroup;
			children = (
				755E3D071B58B098005984E0 /* OverdueTaskList.app */,
				755E3D201B58B098005984E0 /* OverdueTaskListTests.xctest */,
			);
			name = Products;
			sourceTree = "<group>";
		};
		755E3D091B58B098005984E0 /* OverdueTaskList */ = {
			isa = PBXGroup;
			children = (
				755E3D0E1B58B098005984E0 /* AppDelegate.h */,
				755E3D0F1B58B098005984E0 /* AppDelegate.m */,
				755E3D111B58B098005984E0 /* ViewController.h */,
				755E3D121B58B098005984E0 /* ViewController.m */,
				755E3D141B58B098005984E0 /* Main.storyboard */,
				755E3D301B58F22A005984E0 /* AddTaskViewController.h */,
				755E3D311B58F22A005984E0 /* AddTaskViewController.m */,
				755E3D331B58F23E005984E0 /* DetailTaskViewController.h */,
				755E3D341B58F23E005984E0 /* DetailTaskViewController.m */,
				755E3D361B58F248005984E0 /* EditTaskViewController.h */,
				755E3D371B58F248005984E0 /* EditTaskViewController.m */,
				755E3D171B58B098005984E0 /* Images.xcassets */,
				755E3D191B58B098005984E0 /* LaunchScreen.xib */,
				755E3D0A1B58B098005984E0 /* Supporting Files */,
			);
			path = OverdueTaskList;
			sourceTree = "<group>";
		};
		755E3D0A1B58B098005984E0 /* Supporting Files */ = {
			isa = PBXGroup;
			children = (
				755E3D391B59ADCF005984E0 /* PrefixHeader.pch */,
				755E3D0B1B58B098005984E0 /* Info.plist */,
				755E3D0C1B58B098005984E0 /* main.m */,
			);
			name = "Supporting Files";
			sourceTree = "<group>";
		};
		755E3D231B58B098005984E0 /* OverdueTaskListTests */ = {
			isa = PBXGroup;
			children = (
				755E3D261B58B098005984E0 /* OverdueTaskListTests.m */,
				755E3D241B58B098005984E0 /* Supporting Files */,
			);
			path = OverdueTaskListTests;
			sourceTree = "<group>";
		};
		755E3D241B58B098005984E0 /* Supporting Files */ = {
			isa = PBXGroup;
			children = (
				755E3D251B58B098005984E0 /* Info.plist */,
			);
			name = "Supporting Files";
			sourceTree = "<group>";
		};
/* End PBXGroup section */

/* Begin PBXNativeTarget section */
		755E3D061B58B098005984E0 /* OverdueTaskList */ = {
			isa = PBXNativeTarget;
			buildConfigurationList = 755E3D2A1B58B098005984E0 /* Build configuration list for PBXNativeTarget "OverdueTaskList" */;
			buildPhases = (
				755E3D031B58B098005984E0 /* Sources */,
				755E3D041B58B098005984E0 /* Frameworks */,
				755E3D051B58B098005984E0 /* Resources */,
			);
			buildRules = (
			);
			dependencies = (
			);
			name = OverdueTaskList;
			productName = OverdueTaskList;
			productReference = 755E3D071B58B098005984E0 /* OverdueTaskList.app */;
			productType = "com.apple.product-type.application";
		};
		755E3D1F1B58B098005984E0 /* OverdueTaskListTests */ = {
			isa = PBXNativeTarget;
			buildConfigurationList = 755E3D2D1B58B098005984E0 /* Build configuration list for PBXNativeTarget "OverdueTaskListTests" */;
			buildPhases = (
				755E3D1C1B58B098005984E0 /* Sources */,
				755E3D1D1B58B098005984E0 /* Frameworks */,
				755E3D1E1B58B098005984E0 /* Resources */,
			);
			buildRules = (
			);
			dependencies = (
				755E3D221B58B098005984E0 /* PBXTargetDependency */,
			);
			name = OverdueTaskListTests;
			productName = OverdueTaskListTests;
			productReference = 755E3D201B58B098005984E0 /* OverdueTaskListTests.xctest */;
			productType = "com.apple.product-type.bundle.unit-test";
		};
/* End PBXNativeTarget section */

/* Begin PBXProject section */
		755E3CFF1B58B098005984E0 /* Project object */ = {
			isa = PBXProject;
			attributes = {
				LastUpgradeCheck = 0640;
				ORGANIZATIONNAME = "Vincent Chau";
				TargetAttributes = {
					755E3D061B58B098005984E0 = {
						CreatedOnToolsVersion = 6.4;
					};
					755E3D1F1B58B098005984E0 = {
						CreatedOnToolsVersion = 6.4;
						TestTargetID = 755E3D061B58B098005984E0;
					};
				};
			};
			buildConfigurationList = 755E3D021B58B098005984E0 /* Build configuration list for PBXProject "OverdueTaskList" */;
			compatibilityVersion = "Xcode 3.2";
			developmentRegion = English;
			hasScannedForEncodings = 0;
			knownRegions = (
				en,
				Base,
			);
			mainGroup = 755E3CFE1B58B098005984E0;
			productRefGroup = 755E3D081B58B098005984E0 /* Products */;
			projectDirPath = "";
			projectRoot = "";
			targets = (
				755E3D061B58B098005984E0 /* OverdueTaskList */,
				755E3D1F1B58B098005984E0 /* OverdueTaskListTests */,
			);
		};
/* End PBXProject section */

/* Begin PBXResourcesBuildPhase section */
		755E3D051B58B098005984E0 /* Resources */ = {
			isa = PBXResourcesBuildPhase;
			buildActionMask = 2147483647;
			files = (
				755E3D161B58B098005984E0 /* Main.storyboard in Resources */,
				755E3D1B1B58B098005984E0 /* LaunchScreen.xib in Resources */,
				755E3D181B58B098005984E0 /* Images.xcassets in Resources */,
			);
			runOnlyForDeploymentPostprocessing = 0;
		};
		755E3D1E1B58B098005984E0 /* Resources */ = {
			isa = PBXResourcesBuildPhase;
			buildActionMask = 2147483647;
			files = (
			);
			runOnlyForDeploymentPostprocessing = 0;
		};
/* End PBXResourcesBuildPhase section */

/* Begin PBXSourcesBuildPhase section */
		755E3D031B58B098005984E0 /* Sources */ = {
			isa = PBXSourcesBuildPhase;
			buildActionMask = 2147483647;
			files = (
				755E3D131B58B098005984E0 /* ViewController.m in Sources */,
				755E3D321B58F22A005984E0 /* AddTaskViewController.m in Sources */,
				755E3D101B58B098005984E0 /* AppDelegate.m in Sources */,
				755E3D381B58F248005984E0 /* EditTaskViewController.m in Sources */,
				755E3D0D1B58B098005984E0 /* main.m in Sources */,
				755E3D351B58F23E005984E0 /* DetailTaskViewController.m in Sources */,
			);
			runOnlyForDeploymentPostprocessing = 0;
		};
		755E3D1C1B58B098005984E0 /* Sources */ = {
			isa = PBXSourcesBuildPhase;
			buildActionMask = 2147483647;
			files = (
				755E3D271B58B098005984E0 /* OverdueTaskListTests.m in Sources */,
			);
			runOnlyForDeploymentPostprocessing = 0;
		};
/* End PBXSourcesBuildPhase section */

/* Begin PBXTargetDependency section */
		755E3D221B58B098005984E0 /* PBXTargetDependency */ = {
			isa = PBXTargetDependency;
			target = 755E3D061B58B098005984E0 /* OverdueTaskList */;
			targetProxy = 755E3D211B58B098005984E0 /* PBXContainerItemProxy */;
		};
/* End PBXTargetDependency section */

/* Begin PBXVariantGroup section */
		755E3D141B58B098005984E0 /* Main.storyboard */ = {
			isa = PBXVariantGroup;
			children = (
				755E3D151B58B098005984E0 /* Base */,
			);
			name = Main.storyboard;
			sourceTree = "<group>";
		};
		755E3D191B58B098005984E0 /* LaunchScreen.xib */ = {
			isa = PBXVariantGroup;
			children = (
				755E3D1A1B58B098005984E0 /* Base */,
			);
			name = LaunchScreen.xib;
			sourceTree = "<group>";
		};
/* End PBXVariantGroup section */

/* Begin XCBuildConfiguration section */
		755E3D281B58B098005984E0 /* Debug */ = {
			isa = XCBuildConfiguration;
			buildSettings = {
				ALWAYS_SEARCH_USER_PATHS = NO;
				CLANG_CXX_LANGUAGE_STANDARD = "gnu++0x";
				CLANG_CXX_LIBRARY = "libc++";
				CLANG_ENABLE_MODULES = YES;
				CLANG_ENABLE_OBJC_ARC = YES;
				CLANG_WARN_BOOL_CONVERSION = YES;
				CLANG_WARN_CONSTANT_CONVERSION = YES;
				CLANG_WARN_DIRECT_OBJC_ISA_USAGE = YES_ERROR;
				CLANG_WARN_EMPTY_BODY = YES;
				CLANG_WARN_ENUM_CONVERSION = YES;
				CLANG_WARN_INT_CONVERSION = YES;
				CLANG_WARN_OBJC_ROOT_CLASS = YES_ERROR;
				CLANG_WARN_UNREACHABLE_CODE = YES;
				CLANG_WARN__DUPLICATE_METHOD_MATCH = YES;
				"CODE_SIGN_IDENTITY[sdk=iphoneos*]" = "iPhone Developer";
				COPY_PHASE_STRIP = NO;
				DEBUG_INFORMATION_FORMAT = "dwarf-with-dsym";
				ENABLE_STRICT_OBJC_MSGSEND = YES;
				GCC_C_LANGUAGE_STANDARD = gnu99;
				GCC_DYNAMIC_NO_PIC = NO;
				GCC_NO_COMMON_BLOCKS = YES;
				GCC_OPTIMIZATION_LEVEL = 0;
				GCC_PREPROCESSOR_DEFINITIONS = (
					"DEBUG=1",
					"$(inherited)",
				);
				GCC_SYMBOLS_PRIVATE_EXTERN = NO;
				GCC_WARN_64_TO_32_BIT_CONVERSION = YES;
				GCC_WARN_ABOUT_RETURN_TYPE = YES_ERROR;
				GCC_WARN_UNDECLARED_SELECTOR = YES;
				GCC_WARN_UNINITIALIZED_AUTOS = YES_AGGRESSIVE;
				GCC_WARN_UNUSED_FUNCTION = YES;
				GCC_WARN_UNUSED_VARIABLE = YES;
				IPHONEOS_DEPLOYMENT_TARGET = 8.4;
				MTL_ENABLE_DEBUG_INFO = YES;
				ONLY_ACTIVE_ARCH = YES;
				SDKROOT = iphoneos;
				TARGETED_DEVICE_FAMILY = "1,2";
			};
			name = Debug;
		};
		755E3D291B58B098005984E0 /* Release */ = {
			isa = XCBuildConfiguration;
			buildSettings = {
				ALWAYS_SEARCH_USER_PATHS = NO;
				CLANG_CXX_LANGUAGE_STANDARD = "gnu++0x";
				CLANG_CXX_LIBRARY = "libc++";
				CLANG_ENABLE_MODULES = YES;
				CLANG_ENABLE_OBJC_ARC = YES;
				CLANG_WARN_BOOL_CONVERSION = YES;
				CLANG_WARN_CONSTANT_CONVERSION = YES;
				CLANG_WARN_DIRECT_OBJC_ISA_USAGE = YES_ERROR;
				CLANG_WARN_EMPTY_BODY = YES;
				CLANG_WARN_ENUM_CONVERSION = YES;
				CLANG_WARN_INT_CONVERSION = YES;
				CLANG_WARN_OBJC_ROOT_CLASS = YES_ERROR;
				CLANG_WARN_UNREACHABLE_CODE = YES;
				CLANG_WARN__DUPLICATE_METHOD_MATCH = YES;
				"CODE_SIGN_IDENTITY[sdk=iphoneos*]" = "iPhone Developer";
				COPY_PHASE_STRIP = NO;
				DEBUG_INFORMATION_FORMAT = "dwarf-with-dsym";
				ENABLE_NS_ASSERTIONS = NO;
				ENABLE_STRICT_OBJC_MSGSEND = YES;
				GCC_C_LANGUAGE_STANDARD = gnu99;
				GCC_NO_COMMON_BLOCKS = YES;
				GCC_WARN_64_TO_32_BIT_CONVERSION = YES;
				GCC_WARN_ABOUT_RETURN_TYPE = YES_ERROR;
				GCC_WARN_UNDECLARED_SELECTOR = YES;
				GCC_WARN_UNINITIALIZED_AUTOS = YES_AGGRESSIVE;
				GCC_WARN_UNUSED_FUNCTION = YES;
				GCC_WARN_UNUSED_VARIABLE = YES;
				IPHONEOS_DEPLOYMENT_TARGET = 8.4;
				MTL_ENABLE_DEBUG_INFO = NO;
				SDKROOT = iphoneos;
				TARGETED_DEVICE_FAMILY = "1,2";
				VALIDATE_PRODUCT = YES;
			};
			name = Release;
		};
		755E3D2B1B58B098005984E0 /* Debug */ = {
			isa = XCBuildConfiguration;
			buildSettings = {
				ASSETCATALOG_COMPILER_APPICON_NAME = AppIcon;
				INFOPLIST_FILE = OverdueTaskList/Info.plist;
				LD_RUNPATH_SEARCH_PATHS = "$(inherited) @executable_path/Frameworks";
				PRODUCT_NAME = "$(TARGET_NAME)";
			};
			name = Debug;
		};
		755E3D2C1B58B098005984E0 /* Release */ = {
			isa = XCBuildConfiguration;
			buildSettings = {
				ASSETCATALOG_COMPILER_APPICON_NAME = AppIcon;
				INFOPLIST_FILE = OverdueTaskList/Info.plist;
				LD_RUNPATH_SEARCH_PATHS = "$(inherited) @executable_path/Frameworks";
				PRODUCT_NAME = "$(TARGET_NAME)";
			};
			name = Release;
		};
		755E3D2E1B58B098005984E0 /* Debug */ = {
			isa = XCBuildConfiguration;
			buildSettings = {
				BUNDLE_LOADER = "$(TEST_HOST)";
				FRAMEWORK_SEARCH_PATHS = (
					"$(SDKROOT)/Developer/Library/Frameworks",
					"$(inherited)",
				);
				GCC_PREPROCESSOR_DEFINITIONS = (
					"DEBUG=1",
					"$(inherited)",
				);
				INFOPLIST_FILE = OverdueTaskListTests/Info.plist;
				LD_RUNPATH_SEARCH_PATHS = "$(inherited) @executable_path/Frameworks @loader_path/Frameworks";
				PRODUCT_NAME = "$(TARGET_NAME)";
				TEST_HOST = "$(BUILT_PRODUCTS_DIR)/OverdueTaskList.app/OverdueTaskList";
			};
			name = Debug;
		};
		755E3D2F1B58B098005984E0 /* Release */ = {
			isa = XCBuildConfiguration;
			buildSettings = {
				BUNDLE_LOADER = "$(TEST_HOST)";
				FRAMEWORK_SEARCH_PATHS = (
					"$(SDKROOT)/Developer/Library/Frameworks",
					"$(inherited)",
				);
				INFOPLIST_FILE = OverdueTaskListTests/Info.plist;
				LD_RUNPATH_SEARCH_PATHS = "$(inherited) @executable_path/Frameworks @loader_path/Frameworks";
				PRODUCT_NAME = "$(TARGET_NAME)";
				TEST_HOST = "$(BUILT_PRODUCTS_DIR)/OverdueTaskList.app/OverdueTaskList";
			};
			name = Release;
		};
/* End XCBuildConfiguration section */

/* Begin XCConfigurationList section */
		755E3D021B58B098005984E0 /* Build configuration list for PBXProject "OverdueTaskList" */ = {
			isa = XCConfigurationList;
			buildConfigurations = (
				755E3D281B58B098005984E0 /* Debug */,
				755E3D291B58B098005984E0 /* Release */,
			);
			defaultConfigurationIsVisible = 0;
			defaultConfigurationName = Release;
		};
		755E3D2A1B58B098005984E0 /* Build configuration list for PBXNativeTarget "OverdueTaskList" */ = {
			isa = XCConfigurationList;
			buildConfigurations = (
				755E3D2B1B58B098005984E0 /* Debug */,
				755E3D2C1B58B098005984E0 /* Release */,
			);
			defaultConfigurationIsVisible = 0;
			defaultConfigurationName = Release;
		};
		755E3D2D1B58B098005984E0 /* Build configuration list for PBXNativeTarget "OverdueTaskListTests" */ = {
			isa = XCConfigurationList;
			buildConfigurations = (
				755E3D2E1B58B098005984E0 /* Debug */,
				755E3D2F1B58B098005984E0 /* Release */,
			);
			defaultConfigurationIsVisible = 0;
			defaultConfigurationName = Release;
		};
/* End XCConfigurationList section */
	};
	rootObject = 755E3CFF1B58B098005984E0 /* Project object */;
}
